// !$*UTF8*$!
{
	archiveVersion = 1;
	classes = {
	};
	objectVersion = 51;
	objects = {

/* Begin PBXBuildFile section */
		4F05462F26B9810B006C5A04 /* UIButtonAnimationsExtension.swift in Sources */ = {isa = PBXBuildFile; fileRef = 4F05462E26B9810B006C5A04 /* UIButtonAnimationsExtension.swift */; };
		4F055F1C274B82A900C70670 /* UIButtonConfigurationExtension.swift in Sources */ = {isa = PBXBuildFile; fileRef = 4F055F1B274B82A900C70670 /* UIButtonConfigurationExtension.swift */; };
		4F05B2CB27A3203800AFEEC6 /* RegistrationView.swift in Sources */ = {isa = PBXBuildFile; fileRef = 4F05B2CA27A3203800AFEEC6 /* RegistrationView.swift */; };
		4F05B2CD27A3216A00AFEEC6 /* RegistrationViewController.swift in Sources */ = {isa = PBXBuildFile; fileRef = 4F05B2CC27A3216A00AFEEC6 /* RegistrationViewController.swift */; };
		4F083EE926D8063200B63DD7 /* Coordinator.swift in Sources */ = {isa = PBXBuildFile; fileRef = 4F083EE826D8063200B63DD7 /* Coordinator.swift */; };
		4F083EEB26D806B400B63DD7 /* MainCoordinator.swift in Sources */ = {isa = PBXBuildFile; fileRef = 4F083EEA26D806B400B63DD7 /* MainCoordinator.swift */; };
		4F234D392735118C00D1C00B /* LaunchScreen.storyboard in Resources */ = {isa = PBXBuildFile; fileRef = 4F234D382735118C00D1C00B /* LaunchScreen.storyboard */; };
		4F257CFD2739B1AE007CB391 /* DiskCaretaker.swift in Sources */ = {isa = PBXBuildFile; fileRef = 4F257CFC2739B1AE007CB391 /* DiskCaretaker.swift */; };
		4F257CFF2739B423007CB391 /* UserCaretaker.swift in Sources */ = {isa = PBXBuildFile; fileRef = 4F257CFE2739B423007CB391 /* UserCaretaker.swift */; };
		4F28BA74274271A1001308E1 /* UserKey.swift in Sources */ = {isa = PBXBuildFile; fileRef = 4F28BA73274271A1001308E1 /* UserKey.swift */; };
		4F28BA762742889C001308E1 /* ScheduleListController.swift in Sources */ = {isa = PBXBuildFile; fileRef = 4F28BA752742889C001308E1 /* ScheduleListController.swift */; };
		4F28BA78274295EC001308E1 /* CreateEventController.swift in Sources */ = {isa = PBXBuildFile; fileRef = 4F28BA77274295EC001308E1 /* CreateEventController.swift */; };
		4F28BA7A27429692001308E1 /* Event.swift in Sources */ = {isa = PBXBuildFile; fileRef = 4F28BA7927429692001308E1 /* Event.swift */; };
		4F28BA7C2742989E001308E1 /* CreateEventView.swift in Sources */ = {isa = PBXBuildFile; fileRef = 4F28BA7B2742989E001308E1 /* CreateEventView.swift */; };
		4F28BA7E27429B57001308E1 /* ScheduleListViewCell.swift in Sources */ = {isa = PBXBuildFile; fileRef = 4F28BA7D27429B57001308E1 /* ScheduleListViewCell.swift */; };
		4F2A17B726C7050600205E03 /* Dynamic.swift in Sources */ = {isa = PBXBuildFile; fileRef = 4F2A17B626C7050600205E03 /* Dynamic.swift */; };
		4F2DEDF0274515B900C5F156 /* FileManager+Extensions.swift in Sources */ = {isa = PBXBuildFile; fileRef = 4F2DEDEF274515B900C5F156 /* FileManager+Extensions.swift */; };
		4F2EA04526F7054300EF6884 /* CustomTextField.swift in Sources */ = {isa = PBXBuildFile; fileRef = 4F2EA04426F7054300EF6884 /* CustomTextField.swift */; };
		4F31B22B27A72F8A003935B4 /* NetworkMonitor.swift in Sources */ = {isa = PBXBuildFile; fileRef = 4F31B22A27A72F8A003935B4 /* NetworkMonitor.swift */; };
		4F4C9F612745890600D345DC /* EventPersistenceHelper.swift in Sources */ = {isa = PBXBuildFile; fileRef = 4F4C9F602745890600D345DC /* EventPersistenceHelper.swift */; };
		4F4FDFBC268D862000736440 /* AuthenticationViewModel.swift in Sources */ = {isa = PBXBuildFile; fileRef = 4F4FDFBB268D862000736440 /* AuthenticationViewModel.swift */; };
		4F522AA8272DB7CF0099C5E8 /* Images.swift in Sources */ = {isa = PBXBuildFile; fileRef = 4F522AA7272DB7CF0099C5E8 /* Images.swift */; };
		4F695E902662B6C200606D03 /* LoginViewController.swift in Sources */ = {isa = PBXBuildFile; fileRef = 4F695E8F2662B6C200606D03 /* LoginViewController.swift */; };
		4F7D97B226D0391A00A9D253 /* HomeView.swift in Sources */ = {isa = PBXBuildFile; fileRef = 4F7D97B126D0391A00A9D253 /* HomeView.swift */; };
		4F87A91B273EA34800D34B02 /* ImageStorage.swift in Sources */ = {isa = PBXBuildFile; fileRef = 4F87A91A273EA34800D34B02 /* ImageStorage.swift */; };
		4F92895626A6B06600624B6E /* Alerts.swift in Sources */ = {isa = PBXBuildFile; fileRef = 4F92895526A6B06600624B6E /* Alerts.swift */; };
		4F93710F2766752B007667F8 /* UIViewTemplates.swift in Sources */ = {isa = PBXBuildFile; fileRef = 4F93710E2766752B007667F8 /* UIViewTemplates.swift */; };
		4F9371122766759B007667F8 /* NSConstraintsExtension.swift in Sources */ = {isa = PBXBuildFile; fileRef = 4F9371112766759B007667F8 /* NSConstraintsExtension.swift */; };
		4FA5BB1826CEDB5F001C486D /* UserSettingsView.swift in Sources */ = {isa = PBXBuildFile; fileRef = 4FA5BB1726CEDB5F001C486D /* UserSettingsView.swift */; };
		4FBBE319268B97E400D518B8 /* UserModel.swift in Sources */ = {isa = PBXBuildFile; fileRef = 4FBBE318268B97E400D518B8 /* UserModel.swift */; };
		4FCDEBA9272FEC51002C3B06 /* HomeViewModel.swift in Sources */ = {isa = PBXBuildFile; fileRef = 4FCDEBA8272FEC51002C3B06 /* HomeViewModel.swift */; };
		4FD2745C2683317300C8FA32 /* HomeViewController.swift in Sources */ = {isa = PBXBuildFile; fileRef = 4FD2745B2683317300C8FA32 /* HomeViewController.swift */; };
		4FD2745E268332F700C8FA32 /* EditUserProfileViewController.swift in Sources */ = {isa = PBXBuildFile; fileRef = 4FD2745D268332F700C8FA32 /* EditUserProfileViewController.swift */; };
		4FD4D58E26833C8D0078633E /* AppDataValidator.swift in Sources */ = {isa = PBXBuildFile; fileRef = 4FD4D58D26833C8D0078633E /* AppDataValidator.swift */; };
		4FDB688E26E1455A0006F8E3 /* CustomUserDefaults.swift in Sources */ = {isa = PBXBuildFile; fileRef = 4FDB688D26E1455A0006F8E3 /* CustomUserDefaults.swift */; };
		4FDB689026E146390006F8E3 /* UIColorHexExtension.swift in Sources */ = {isa = PBXBuildFile; fileRef = 4FDB688F26E146390006F8E3 /* UIColorHexExtension.swift */; };
		4FEF699D26BAC0190022CAFD /* SourceCodeWebUIViewController.swift in Sources */ = {isa = PBXBuildFile; fileRef = 4FEF699C26BAC0190022CAFD /* SourceCodeWebUIViewController.swift */; };
		4FF15B43279B197E003E4542 /* AlertFactoryService.swift in Sources */ = {isa = PBXBuildFile; fileRef = 4FF15B42279B197D003E4542 /* AlertFactoryService.swift */; };
		4FF15B45279B1B30003E4542 /* AlertViewData.swift in Sources */ = {isa = PBXBuildFile; fileRef = 4FF15B44279B1B30003E4542 /* AlertViewData.swift */; };
		4FF3238327B03A0C009DA656 /* UIApplicationExtension.swift in Sources */ = {isa = PBXBuildFile; fileRef = 4FF3238227B03A0C009DA656 /* UIApplicationExtension.swift */; };
		4FF9064526543BEF001387C9 /* AppDelegate.swift in Sources */ = {isa = PBXBuildFile; fileRef = 4FF9064426543BEF001387C9 /* AppDelegate.swift */; };
		4FF9064726543BEF001387C9 /* SceneDelegate.swift in Sources */ = {isa = PBXBuildFile; fileRef = 4FF9064626543BEF001387C9 /* SceneDelegate.swift */; };
		4FF9064E26543BF1001387C9 /* Assets.xcassets in Resources */ = {isa = PBXBuildFile; fileRef = 4FF9064D26543BF1001387C9 /* Assets.xcassets */; };
		4FFC3F3B27B2AE06003E61F6 /* UserValidationState.swift in Sources */ = {isa = PBXBuildFile; fileRef = 4FFC3F3A27B2AE06003E61F6 /* UserValidationState.swift */; };
		4FFCD45B26BEC87000770D33 /* LoginView.swift in Sources */ = {isa = PBXBuildFile; fileRef = 4FFCD45A26BEC87000770D33 /* LoginView.swift */; };
		4FFF2A1626BD27560064E610 /* HapticsManager.swift in Sources */ = {isa = PBXBuildFile; fileRef = 4FFF2A1526BD27560064E610 /* HapticsManager.swift */; };
		6276344789E465E1AF17D88B /* Pods_FirstProject.framework in Frameworks */ = {isa = PBXBuildFile; fileRef = 5CD6B5B3B38598214E1A7244 /* Pods_FirstProject.framework */; };
/* End PBXBuildFile section */

/* Begin PBXFileReference section */
		1913A254B428B7B74E687733 /* Pods-FirstProject.release.xcconfig */ = {isa = PBXFileReference; includeInIndex = 1; lastKnownFileType = text.xcconfig; name = "Pods-FirstProject.release.xcconfig"; path = "Target Support Files/Pods-FirstProject/Pods-FirstProject.release.xcconfig"; sourceTree = "<group>"; };
		4F05462E26B9810B006C5A04 /* UIButtonAnimationsExtension.swift */ = {isa = PBXFileReference; lastKnownFileType = sourcecode.swift; path = UIButtonAnimationsExtension.swift; sourceTree = "<group>"; };
		4F055F1B274B82A900C70670 /* UIButtonConfigurationExtension.swift */ = {isa = PBXFileReference; lastKnownFileType = sourcecode.swift; path = UIButtonConfigurationExtension.swift; sourceTree = "<group>"; };
		4F05B2CA27A3203800AFEEC6 /* RegistrationView.swift */ = {isa = PBXFileReference; lastKnownFileType = sourcecode.swift; path = RegistrationView.swift; sourceTree = "<group>"; };
		4F05B2CC27A3216A00AFEEC6 /* RegistrationViewController.swift */ = {isa = PBXFileReference; lastKnownFileType = sourcecode.swift; path = RegistrationViewController.swift; sourceTree = "<group>"; };
		4F083EE826D8063200B63DD7 /* Coordinator.swift */ = {isa = PBXFileReference; lastKnownFileType = sourcecode.swift; path = Coordinator.swift; sourceTree = "<group>"; };
		4F083EEA26D806B400B63DD7 /* MainCoordinator.swift */ = {isa = PBXFileReference; lastKnownFileType = sourcecode.swift; path = MainCoordinator.swift; sourceTree = "<group>"; };
		4F234D382735118C00D1C00B /* LaunchScreen.storyboard */ = {isa = PBXFileReference; fileEncoding = 4; lastKnownFileType = file.storyboard; path = LaunchScreen.storyboard; sourceTree = "<group>"; };
		4F257CFC2739B1AE007CB391 /* DiskCaretaker.swift */ = {isa = PBXFileReference; lastKnownFileType = sourcecode.swift; path = DiskCaretaker.swift; sourceTree = "<group>"; };
		4F257CFE2739B423007CB391 /* UserCaretaker.swift */ = {isa = PBXFileReference; lastKnownFileType = sourcecode.swift; path = UserCaretaker.swift; sourceTree = "<group>"; };
		4F28BA73274271A1001308E1 /* UserKey.swift */ = {isa = PBXFileReference; lastKnownFileType = sourcecode.swift; path = UserKey.swift; sourceTree = "<group>"; };
		4F28BA752742889C001308E1 /* ScheduleListController.swift */ = {isa = PBXFileReference; lastKnownFileType = sourcecode.swift; path = ScheduleListController.swift; sourceTree = "<group>"; };
		4F28BA77274295EC001308E1 /* CreateEventController.swift */ = {isa = PBXFileReference; lastKnownFileType = sourcecode.swift; path = CreateEventController.swift; sourceTree = "<group>"; };
		4F28BA7927429692001308E1 /* Event.swift */ = {isa = PBXFileReference; lastKnownFileType = sourcecode.swift; path = Event.swift; sourceTree = "<group>"; };
		4F28BA7B2742989E001308E1 /* CreateEventView.swift */ = {isa = PBXFileReference; lastKnownFileType = sourcecode.swift; path = CreateEventView.swift; sourceTree = "<group>"; };
		4F28BA7D27429B57001308E1 /* ScheduleListViewCell.swift */ = {isa = PBXFileReference; lastKnownFileType = sourcecode.swift; path = ScheduleListViewCell.swift; sourceTree = "<group>"; };
		4F2A17B626C7050600205E03 /* Dynamic.swift */ = {isa = PBXFileReference; lastKnownFileType = sourcecode.swift; path = Dynamic.swift; sourceTree = "<group>"; };
		4F2DEDEF274515B900C5F156 /* FileManager+Extensions.swift */ = {isa = PBXFileReference; lastKnownFileType = sourcecode.swift; path = "FileManager+Extensions.swift"; sourceTree = "<group>"; };
		4F2EA04426F7054300EF6884 /* CustomTextField.swift */ = {isa = PBXFileReference; lastKnownFileType = sourcecode.swift; path = CustomTextField.swift; sourceTree = "<group>"; };
		4F31B22A27A72F8A003935B4 /* NetworkMonitor.swift */ = {isa = PBXFileReference; lastKnownFileType = sourcecode.swift; path = NetworkMonitor.swift; sourceTree = "<group>"; };
		4F4C9F602745890600D345DC /* EventPersistenceHelper.swift */ = {isa = PBXFileReference; lastKnownFileType = sourcecode.swift; path = EventPersistenceHelper.swift; sourceTree = "<group>"; };
		4F4FDFBB268D862000736440 /* AuthenticationViewModel.swift */ = {isa = PBXFileReference; lastKnownFileType = sourcecode.swift; path = AuthenticationViewModel.swift; sourceTree = "<group>"; };
		4F522AA7272DB7CF0099C5E8 /* Images.swift */ = {isa = PBXFileReference; lastKnownFileType = sourcecode.swift; path = Images.swift; sourceTree = "<group>"; };
		4F695E8F2662B6C200606D03 /* LoginViewController.swift */ = {isa = PBXFileReference; lastKnownFileType = sourcecode.swift; path = LoginViewController.swift; sourceTree = "<group>"; };
		4F7D97B126D0391A00A9D253 /* HomeView.swift */ = {isa = PBXFileReference; lastKnownFileType = sourcecode.swift; path = HomeView.swift; sourceTree = "<group>"; };
		4F87A91A273EA34800D34B02 /* ImageStorage.swift */ = {isa = PBXFileReference; lastKnownFileType = sourcecode.swift; path = ImageStorage.swift; sourceTree = "<group>"; };
		4F92895526A6B06600624B6E /* Alerts.swift */ = {isa = PBXFileReference; lastKnownFileType = sourcecode.swift; path = Alerts.swift; sourceTree = "<group>"; };
		4F93710E2766752B007667F8 /* UIViewTemplates.swift */ = {isa = PBXFileReference; lastKnownFileType = sourcecode.swift; path = UIViewTemplates.swift; sourceTree = "<group>"; };
		4F9371112766759B007667F8 /* NSConstraintsExtension.swift */ = {isa = PBXFileReference; lastKnownFileType = sourcecode.swift; path = NSConstraintsExtension.swift; sourceTree = "<group>"; };
		4FA5BB1726CEDB5F001C486D /* UserSettingsView.swift */ = {isa = PBXFileReference; lastKnownFileType = sourcecode.swift; path = UserSettingsView.swift; sourceTree = "<group>"; };
		4FBBE318268B97E400D518B8 /* UserModel.swift */ = {isa = PBXFileReference; lastKnownFileType = sourcecode.swift; path = UserModel.swift; sourceTree = "<group>"; };
		4FCDEBA8272FEC51002C3B06 /* HomeViewModel.swift */ = {isa = PBXFileReference; lastKnownFileType = sourcecode.swift; path = HomeViewModel.swift; sourceTree = "<group>"; };
		4FD2745B2683317300C8FA32 /* HomeViewController.swift */ = {isa = PBXFileReference; lastKnownFileType = sourcecode.swift; path = HomeViewController.swift; sourceTree = "<group>"; };
		4FD2745D268332F700C8FA32 /* EditUserProfileViewController.swift */ = {isa = PBXFileReference; lastKnownFileType = sourcecode.swift; path = EditUserProfileViewController.swift; sourceTree = "<group>"; };
		4FD4D58D26833C8D0078633E /* AppDataValidator.swift */ = {isa = PBXFileReference; fileEncoding = 4; lastKnownFileType = sourcecode.swift; path = AppDataValidator.swift; sourceTree = "<group>"; };
		4FDB688D26E1455A0006F8E3 /* CustomUserDefaults.swift */ = {isa = PBXFileReference; lastKnownFileType = sourcecode.swift; path = CustomUserDefaults.swift; sourceTree = "<group>"; };
		4FDB688F26E146390006F8E3 /* UIColorHexExtension.swift */ = {isa = PBXFileReference; lastKnownFileType = sourcecode.swift; path = UIColorHexExtension.swift; sourceTree = "<group>"; };
		4FEF699C26BAC0190022CAFD /* SourceCodeWebUIViewController.swift */ = {isa = PBXFileReference; lastKnownFileType = sourcecode.swift; path = SourceCodeWebUIViewController.swift; sourceTree = "<group>"; };
		4FF15B42279B197D003E4542 /* AlertFactoryService.swift */ = {isa = PBXFileReference; lastKnownFileType = sourcecode.swift; path = AlertFactoryService.swift; sourceTree = "<group>"; };
		4FF15B44279B1B30003E4542 /* AlertViewData.swift */ = {isa = PBXFileReference; lastKnownFileType = sourcecode.swift; path = AlertViewData.swift; sourceTree = "<group>"; };
		4FF3238227B03A0C009DA656 /* UIApplicationExtension.swift */ = {isa = PBXFileReference; lastKnownFileType = sourcecode.swift; path = UIApplicationExtension.swift; sourceTree = "<group>"; };
		4FF9064126543BEF001387C9 /* FirstProject.app */ = {isa = PBXFileReference; explicitFileType = wrapper.application; includeInIndex = 0; path = FirstProject.app; sourceTree = BUILT_PRODUCTS_DIR; };
		4FF9064426543BEF001387C9 /* AppDelegate.swift */ = {isa = PBXFileReference; lastKnownFileType = sourcecode.swift; path = AppDelegate.swift; sourceTree = "<group>"; };
		4FF9064626543BEF001387C9 /* SceneDelegate.swift */ = {isa = PBXFileReference; lastKnownFileType = sourcecode.swift; path = SceneDelegate.swift; sourceTree = "<group>"; };
		4FF9064D26543BF1001387C9 /* Assets.xcassets */ = {isa = PBXFileReference; lastKnownFileType = folder.assetcatalog; path = Assets.xcassets; sourceTree = "<group>"; };
		4FF9065226543BF1001387C9 /* Info.plist */ = {isa = PBXFileReference; lastKnownFileType = text.plist.xml; path = Info.plist; sourceTree = "<group>"; };
		4FFC3F3A27B2AE06003E61F6 /* UserValidationState.swift */ = {isa = PBXFileReference; lastKnownFileType = sourcecode.swift; path = UserValidationState.swift; sourceTree = "<group>"; };
		4FFCD45A26BEC87000770D33 /* LoginView.swift */ = {isa = PBXFileReference; lastKnownFileType = sourcecode.swift; path = LoginView.swift; sourceTree = "<group>"; };
		4FFF2A1526BD27560064E610 /* HapticsManager.swift */ = {isa = PBXFileReference; lastKnownFileType = sourcecode.swift; path = HapticsManager.swift; sourceTree = "<group>"; };
		5CD6B5B3B38598214E1A7244 /* Pods_FirstProject.framework */ = {isa = PBXFileReference; explicitFileType = wrapper.framework; includeInIndex = 0; path = Pods_FirstProject.framework; sourceTree = BUILT_PRODUCTS_DIR; };
		68F12D2ACF30F7D7A9A93834 /* Pods-FirstProject.debug.xcconfig */ = {isa = PBXFileReference; includeInIndex = 1; lastKnownFileType = text.xcconfig; name = "Pods-FirstProject.debug.xcconfig"; path = "Target Support Files/Pods-FirstProject/Pods-FirstProject.debug.xcconfig"; sourceTree = "<group>"; };
/* End PBXFileReference section */

/* Begin PBXFrameworksBuildPhase section */
		4FF9063E26543BEF001387C9 /* Frameworks */ = {
			isa = PBXFrameworksBuildPhase;
			buildActionMask = 2147483647;
			files = (
				6276344789E465E1AF17D88B /* Pods_FirstProject.framework in Frameworks */,
			);
			runOnlyForDeploymentPostprocessing = 0;
		};
/* End PBXFrameworksBuildPhase section */

/* Begin PBXGroup section */
		4F046E1D26B9BF9B00CC4CBB /* HapticsManager */ = {
			isa = PBXGroup;
			children = (
				4FFF2A1526BD27560064E610 /* HapticsManager.swift */,
			);
			path = HapticsManager;
			sourceTree = "<group>";
		};
		4F05B2C827A31FB200AFEEC6 /* Authentication */ = {
			isa = PBXGroup;
			children = (
				4F695E8F2662B6C200606D03 /* LoginViewController.swift */,
				4F05B2CC27A3216A00AFEEC6 /* RegistrationViewController.swift */,
			);
			path = Authentication;
			sourceTree = "<group>";
		};
		4F05B2C927A31FC300AFEEC6 /* Authentication */ = {
			isa = PBXGroup;
			children = (
				4FFCD45A26BEC87000770D33 /* LoginView.swift */,
				4F05B2CA27A3203800AFEEC6 /* RegistrationView.swift */,
			);
			path = Authentication;
			sourceTree = "<group>";
		};
		4F083EE726D8061A00B63DD7 /* Coordinator */ = {
			isa = PBXGroup;
			children = (
				4F083EE826D8063200B63DD7 /* Coordinator.swift */,
				4F083EEA26D806B400B63DD7 /* MainCoordinator.swift */,
			);
			path = Coordinator;
			sourceTree = "<group>";
		};
		4F257CFB2739B104007CB391 /* Memento */ = {
			isa = PBXGroup;
			children = (
				4F257CFC2739B1AE007CB391 /* DiskCaretaker.swift */,
				4F257CFE2739B423007CB391 /* UserCaretaker.swift */,
				4F4C9F602745890600D345DC /* EventPersistenceHelper.swift */,
				4F2DEDEF274515B900C5F156 /* FileManager+Extensions.swift */,
			);
			path = Memento;
			sourceTree = "<group>";
		};
		4F2804C027A9A1D600254420 /* NetworkMonitor */ = {
			isa = PBXGroup;
			children = (
				4F31B22A27A72F8A003935B4 /* NetworkMonitor.swift */,
			);
			path = NetworkMonitor;
			sourceTree = "<group>";
		};
		4F3127EB27A553B500E69100 /* Controllers */ = {
			isa = PBXGroup;
			children = (
				4F28BA752742889C001308E1 /* ScheduleListController.swift */,
				4F28BA77274295EC001308E1 /* CreateEventController.swift */,
			);
			path = Controllers;
			sourceTree = "<group>";
		};
		4F3127EC27A553E900E69100 /* LoginFeature */ = {
			isa = PBXGroup;
			children = (
				4FFC3F3827B2ADE1003E61F6 /* Helpers */,
				4FBBE317268B97D000D518B8 /* Models */,
				4F4FDFBA268D860700736440 /* ViewModels */,
				4FFCD45926BEC84900770D33 /* Views */,
				4FBBE315268B97B000D518B8 /* Controllers */,
			);
			path = LoginFeature;
			sourceTree = "<group>";
		};
		4F3127ED27A553F600E69100 /* SchedulerFeature */ = {
			isa = PBXGroup;
			children = (
				4F3127F027A5541D00E69100 /* ViewModels */,
				4F3127EF27A5541800E69100 /* Views */,
				4F3127EE27A5541300E69100 /* Models */,
				4F3127EB27A553B500E69100 /* Controllers */,
			);
			path = SchedulerFeature;
			sourceTree = "<group>";
		};
		4F3127EE27A5541300E69100 /* Models */ = {
			isa = PBXGroup;
			children = (
				4F28BA7927429692001308E1 /* Event.swift */,
			);
			path = Models;
			sourceTree = "<group>";
		};
		4F3127EF27A5541800E69100 /* Views */ = {
			isa = PBXGroup;
			children = (
				4F28BA7D27429B57001308E1 /* ScheduleListViewCell.swift */,
				4F28BA7B2742989E001308E1 /* CreateEventView.swift */,
			);
			path = Views;
			sourceTree = "<group>";
		};
		4F3127F027A5541D00E69100 /* ViewModels */ = {
			isa = PBXGroup;
			children = (
			);
			path = ViewModels;
			sourceTree = "<group>";
		};
		4F3127F127A5548400E69100 /* DynamicObserver */ = {
			isa = PBXGroup;
			children = (
				4F2A17B626C7050600205E03 /* Dynamic.swift */,
			);
			path = DynamicObserver;
			sourceTree = "<group>";
		};
		4F3127F227A554E500E69100 /* Features */ = {
			isa = PBXGroup;
			children = (
				4F3127EC27A553E900E69100 /* LoginFeature */,
				4F3127ED27A553F600E69100 /* SchedulerFeature */,
			);
			path = Features;
			sourceTree = "<group>";
		};
		4F31B22927A72F79003935B4 /* Services */ = {
			isa = PBXGroup;
			children = (
				4F2804C027A9A1D600254420 /* NetworkMonitor */,
			);
			path = Services;
			sourceTree = "<group>";
		};
		4F4FDFBA268D860700736440 /* ViewModels */ = {
			isa = PBXGroup;
			children = (
				4F4FDFBB268D862000736440 /* AuthenticationViewModel.swift */,
				4FCDEBA8272FEC51002C3B06 /* HomeViewModel.swift */,
			);
			path = ViewModels;
			sourceTree = "<group>";
		};
		4F522AA6272DB7BA0099C5E8 /* Constants */ = {
			isa = PBXGroup;
			children = (
				4F522AA7272DB7CF0099C5E8 /* Images.swift */,
				4F28BA73274271A1001308E1 /* UserKey.swift */,
			);
			path = Constants;
			sourceTree = "<group>";
		};
		4F7C71D5277CB5BB00ADB4E1 /* Storage */ = {
			isa = PBXGroup;
			children = (
				4F7C71D6277CB5DF00ADB4E1 /* ImageStorage */,
				4F257CFB2739B104007CB391 /* Memento */,
			);
			path = Storage;
			sourceTree = "<group>";
		};
		4F7C71D6277CB5DF00ADB4E1 /* ImageStorage */ = {
			isa = PBXGroup;
			children = (
				4F87A91A273EA34800D34B02 /* ImageStorage.swift */,
			);
			path = ImageStorage;
			sourceTree = "<group>";
		};
		4F92895326A6AFBF00624B6E /* Validators */ = {
			isa = PBXGroup;
			children = (
				4FD4D58D26833C8D0078633E /* AppDataValidator.swift */,
			);
			path = Validators;
			sourceTree = "<group>";
		};
		4F92895426A6B04F00624B6E /* Alerts */ = {
			isa = PBXGroup;
			children = (
				4F92895526A6B06600624B6E /* Alerts.swift */,
				4FF15B42279B197D003E4542 /* AlertFactoryService.swift */,
				4FF15B44279B1B30003E4542 /* AlertViewData.swift */,
			);
			path = Alerts;
			sourceTree = "<group>";
		};
		4F93710C276674DD007667F8 /* Utilities */ = {
			isa = PBXGroup;
			children = (
				4FF3238127B039FE009DA656 /* UIApplication */,
				4F3127F127A5548400E69100 /* DynamicObserver */,
				4F93710D27667514007667F8 /* UIViewTemplates */,
				4FDB688C26E145400006F8E3 /* CustomUserDefaults */,
				4F92895426A6B04F00624B6E /* Alerts */,
				4F92895326A6AFBF00624B6E /* Validators */,
				4FE55FCF26A33520003874B1 /* Extensions */,
				4F046E1D26B9BF9B00CC4CBB /* HapticsManager */,
			);
			path = Utilities;
			sourceTree = "<group>";
		};
		4F93710D27667514007667F8 /* UIViewTemplates */ = {
			isa = PBXGroup;
			children = (
				4F93710E2766752B007667F8 /* UIViewTemplates.swift */,
			);
			path = UIViewTemplates;
			sourceTree = "<group>";
		};
		4F93711027667578007667F8 /* NSContraintsExtension */ = {
			isa = PBXGroup;
			children = (
				4F9371112766759B007667F8 /* NSConstraintsExtension.swift */,
			);
			path = NSContraintsExtension;
			sourceTree = "<group>";
		};
		4FBBE315268B97B000D518B8 /* Controllers */ = {
			isa = PBXGroup;
			children = (
				4F05B2C827A31FB200AFEEC6 /* Authentication */,
				4FD2745D268332F700C8FA32 /* EditUserProfileViewController.swift */,
				4FD2745B2683317300C8FA32 /* HomeViewController.swift */,
				4FEF699C26BAC0190022CAFD /* SourceCodeWebUIViewController.swift */,
			);
			path = Controllers;
			sourceTree = "<group>";
		};
		4FBBE316268B97BB00D518B8 /* AppDelegate */ = {
			isa = PBXGroup;
			children = (
				4FF9064426543BEF001387C9 /* AppDelegate.swift */,
				4FF9064626543BEF001387C9 /* SceneDelegate.swift */,
			);
			path = AppDelegate;
			sourceTree = "<group>";
		};
		4FBBE317268B97D000D518B8 /* Models */ = {
			isa = PBXGroup;
			children = (
				4FBBE318268B97E400D518B8 /* UserModel.swift */,
			);
			path = Models;
			sourceTree = "<group>";
		};
		4FCE23C927243D7C0068002F /* UIButton */ = {
			isa = PBXGroup;
			children = (
				4F05462E26B9810B006C5A04 /* UIButtonAnimationsExtension.swift */,
				4F055F1B274B82A900C70670 /* UIButtonConfigurationExtension.swift */,
			);
			path = UIButton;
			sourceTree = "<group>";
		};
		4FCE23CA27243DAD0068002F /* UITextField */ = {
			isa = PBXGroup;
			children = (
				4F2EA04426F7054300EF6884 /* CustomTextField.swift */,
			);
			path = UITextField;
			sourceTree = "<group>";
		};
		4FCE23CB27243DCD0068002F /* UIColor */ = {
			isa = PBXGroup;
			children = (
				4FDB688F26E146390006F8E3 /* UIColorHexExtension.swift */,
			);
			path = UIColor;
			sourceTree = "<group>";
		};
		4FDB688C26E145400006F8E3 /* CustomUserDefaults */ = {
			isa = PBXGroup;
			children = (
				4FDB688D26E1455A0006F8E3 /* CustomUserDefaults.swift */,
			);
			path = CustomUserDefaults;
			sourceTree = "<group>";
		};
		4FE55FCF26A33520003874B1 /* Extensions */ = {
			isa = PBXGroup;
			children = (
				4F93711027667578007667F8 /* NSContraintsExtension */,
				4FCE23CB27243DCD0068002F /* UIColor */,
				4FCE23CA27243DAD0068002F /* UITextField */,
				4FCE23C927243D7C0068002F /* UIButton */,
			);
			path = Extensions;
			sourceTree = "<group>";
		};
		4FF3238127B039FE009DA656 /* UIApplication */ = {
			isa = PBXGroup;
			children = (
				4FF3238227B03A0C009DA656 /* UIApplicationExtension.swift */,
			);
			path = UIApplication;
			sourceTree = "<group>";
		};
		4FF9063826543BEF001387C9 = {
			isa = PBXGroup;
			children = (
				4FF9064326543BEF001387C9 /* FirstProject */,
				4FF9064226543BEF001387C9 /* Products */,
				98AEE7FE9DF2CAF348CE0878 /* Pods */,
				60C1FB43BF1D5D56B444858B /* Frameworks */,
			);
			sourceTree = "<group>";
		};
		4FF9064226543BEF001387C9 /* Products */ = {
			isa = PBXGroup;
			children = (
				4FF9064126543BEF001387C9 /* FirstProject.app */,
			);
			name = Products;
			sourceTree = "<group>";
		};
		4FF9064326543BEF001387C9 /* FirstProject */ = {
			isa = PBXGroup;
			children = (
				4F31B22927A72F79003935B4 /* Services */,
				4FBBE316268B97BB00D518B8 /* AppDelegate */,
				4F522AA6272DB7BA0099C5E8 /* Constants */,
				4F083EE726D8061A00B63DD7 /* Coordinator */,
				4F3127F227A554E500E69100 /* Features */,
				4FFF2A1326BD26730064E610 /* Resources */,
				4F7C71D5277CB5BB00ADB4E1 /* Storage */,
				4F93710C276674DD007667F8 /* Utilities */,
			);
			path = FirstProject;
			sourceTree = "<group>";
		};
		4FFC3F3827B2ADE1003E61F6 /* Helpers */ = {
			isa = PBXGroup;
			children = (
				4FFC3F3A27B2AE06003E61F6 /* UserValidationState.swift */,
			);
			path = Helpers;
			sourceTree = "<group>";
		};
		4FFCD45926BEC84900770D33 /* Views */ = {
			isa = PBXGroup;
			children = (
				4F05B2C927A31FC300AFEEC6 /* Authentication */,
				4F7D97B126D0391A00A9D253 /* HomeView.swift */,
				4FA5BB1726CEDB5F001C486D /* UserSettingsView.swift */,
			);
			path = Views;
			sourceTree = "<group>";
		};
		4FFF2A1326BD26730064E610 /* Resources */ = {
			isa = PBXGroup;
			children = (
				4F234D382735118C00D1C00B /* LaunchScreen.storyboard */,
				4FF9064D26543BF1001387C9 /* Assets.xcassets */,
				4FF9065226543BF1001387C9 /* Info.plist */,
			);
			path = Resources;
			sourceTree = "<group>";
		};
		60C1FB43BF1D5D56B444858B /* Frameworks */ = {
			isa = PBXGroup;
			children = (
				5CD6B5B3B38598214E1A7244 /* Pods_FirstProject.framework */,
			);
			name = Frameworks;
			sourceTree = "<group>";
		};
		98AEE7FE9DF2CAF348CE0878 /* Pods */ = {
			isa = PBXGroup;
			children = (
				68F12D2ACF30F7D7A9A93834 /* Pods-FirstProject.debug.xcconfig */,
				1913A254B428B7B74E687733 /* Pods-FirstProject.release.xcconfig */,
			);
			path = Pods;
			sourceTree = "<group>";
		};
/* End PBXGroup section */

/* Begin PBXNativeTarget section */
		4FF9064026543BEF001387C9 /* FirstProject */ = {
			isa = PBXNativeTarget;
			buildConfigurationList = 4FF9065526543BF1001387C9 /* Build configuration list for PBXNativeTarget "FirstProject" */;
			buildPhases = (
				4F7FF86E162D7F73ADF541E6 /* [CP] Check Pods Manifest.lock */,
				4FF9063D26543BEF001387C9 /* Sources */,
				4FF9063E26543BEF001387C9 /* Frameworks */,
				4FF9063F26543BEF001387C9 /* Resources */,
				B0F01FECA6F8437027A8F126 /* [CP] Embed Pods Frameworks */,
			);
			buildRules = (
			);
			dependencies = (
			);
			name = FirstProject;
			productName = FirstProject;
			productReference = 4FF9064126543BEF001387C9 /* FirstProject.app */;
			productType = "com.apple.product-type.application";
		};
/* End PBXNativeTarget section */

/* Begin PBXProject section */
		4FF9063926543BEF001387C9 /* Project object */ = {
			isa = PBXProject;
			attributes = {
				LastSwiftUpdateCheck = 1250;
				LastUpgradeCheck = 1250;
				TargetAttributes = {
					4FF9064026543BEF001387C9 = {
						CreatedOnToolsVersion = 12.5;
					};
				};
			};
			buildConfigurationList = 4FF9063C26543BEF001387C9 /* Build configuration list for PBXProject "FirstProject" */;
			compatibilityVersion = "Xcode 9.3";
			developmentRegion = en;
			hasScannedForEncodings = 0;
			knownRegions = (
				en,
				Base,
			);
			mainGroup = 4FF9063826543BEF001387C9;
			productRefGroup = 4FF9064226543BEF001387C9 /* Products */;
			projectDirPath = "";
			projectRoot = "";
			targets = (
				4FF9064026543BEF001387C9 /* FirstProject */,
			);
		};
/* End PBXProject section */

/* Begin PBXResourcesBuildPhase section */
		4FF9063F26543BEF001387C9 /* Resources */ = {
			isa = PBXResourcesBuildPhase;
			buildActionMask = 2147483647;
			files = (
				4FF9064E26543BF1001387C9 /* Assets.xcassets in Resources */,
				4F234D392735118C00D1C00B /* LaunchScreen.storyboard in Resources */,
			);
			runOnlyForDeploymentPostprocessing = 0;
		};
/* End PBXResourcesBuildPhase section */

/* Begin PBXShellScriptBuildPhase section */
		4F7FF86E162D7F73ADF541E6 /* [CP] Check Pods Manifest.lock */ = {
			isa = PBXShellScriptBuildPhase;
			buildActionMask = 2147483647;
			files = (
			);
			inputFileListPaths = (
			);
			inputPaths = (
				"${PODS_PODFILE_DIR_PATH}/Podfile.lock",
				"${PODS_ROOT}/Manifest.lock",
			);
			name = "[CP] Check Pods Manifest.lock";
			outputFileListPaths = (
			);
			outputPaths = (
				"$(DERIVED_FILE_DIR)/Pods-FirstProject-checkManifestLockResult.txt",
			);
			runOnlyForDeploymentPostprocessing = 0;
			shellPath = /bin/sh;
			shellScript = "diff \"${PODS_PODFILE_DIR_PATH}/Podfile.lock\" \"${PODS_ROOT}/Manifest.lock\" > /dev/null\nif [ $? != 0 ] ; then\n    # print error to STDERR\n    echo \"error: The sandbox is not in sync with the Podfile.lock. Run 'pod install' or update your CocoaPods installation.\" >&2\n    exit 1\nfi\n# This output is used by Xcode 'outputs' to avoid re-running this script phase.\necho \"SUCCESS\" > \"${SCRIPT_OUTPUT_FILE_0}\"\n";
			showEnvVarsInLog = 0;
		};
		B0F01FECA6F8437027A8F126 /* [CP] Embed Pods Frameworks */ = {
			isa = PBXShellScriptBuildPhase;
			buildActionMask = 2147483647;
			files = (
			);
			inputFileListPaths = (
				"${PODS_ROOT}/Target Support Files/Pods-FirstProject/Pods-FirstProject-frameworks-${CONFIGURATION}-input-files.xcfilelist",
			);
			name = "[CP] Embed Pods Frameworks";
			outputFileListPaths = (
				"${PODS_ROOT}/Target Support Files/Pods-FirstProject/Pods-FirstProject-frameworks-${CONFIGURATION}-output-files.xcfilelist",
			);
			runOnlyForDeploymentPostprocessing = 0;
			shellPath = /bin/sh;
			shellScript = "\"${PODS_ROOT}/Target Support Files/Pods-FirstProject/Pods-FirstProject-frameworks.sh\"\n";
			showEnvVarsInLog = 0;
		};
/* End PBXShellScriptBuildPhase section */

/* Begin PBXSourcesBuildPhase section */
		4FF9063D26543BEF001387C9 /* Sources */ = {
			isa = PBXSourcesBuildPhase;
			buildActionMask = 2147483647;
			files = (
				4FD2745C2683317300C8FA32 /* HomeViewController.swift in Sources */,
				4FFCD45B26BEC87000770D33 /* LoginView.swift in Sources */,
				4FF3238327B03A0C009DA656 /* UIApplicationExtension.swift in Sources */,
				4F28BA7E27429B57001308E1 /* ScheduleListViewCell.swift in Sources */,
				4F05B2CB27A3203800AFEEC6 /* RegistrationView.swift in Sources */,
				4FDB689026E146390006F8E3 /* UIColorHexExtension.swift in Sources */,
				4F522AA8272DB7CF0099C5E8 /* Images.swift in Sources */,
				4F87A91B273EA34800D34B02 /* ImageStorage.swift in Sources */,
				4FBBE319268B97E400D518B8 /* UserModel.swift in Sources */,
				4F083EE926D8063200B63DD7 /* Coordinator.swift in Sources */,
				4F083EEB26D806B400B63DD7 /* MainCoordinator.swift in Sources */,
				4F2EA04526F7054300EF6884 /* CustomTextField.swift in Sources */,
				4F055F1C274B82A900C70670 /* UIButtonConfigurationExtension.swift in Sources */,
				4F7D97B226D0391A00A9D253 /* HomeView.swift in Sources */,
				4F31B22B27A72F8A003935B4 /* NetworkMonitor.swift in Sources */,
				4FD2745E268332F700C8FA32 /* EditUserProfileViewController.swift in Sources */,
				4FFF2A1626BD27560064E610 /* HapticsManager.swift in Sources */,
				4F2A17B726C7050600205E03 /* Dynamic.swift in Sources */,
				4F28BA74274271A1001308E1 /* UserKey.swift in Sources */,
				4F28BA762742889C001308E1 /* ScheduleListController.swift in Sources */,
				4FF9064526543BEF001387C9 /* AppDelegate.swift in Sources */,
				4F28BA7A27429692001308E1 /* Event.swift in Sources */,
				4F05B2CD27A3216A00AFEEC6 /* RegistrationViewController.swift in Sources */,
				4FFC3F3B27B2AE06003E61F6 /* UserValidationState.swift in Sources */,
				4FF15B45279B1B30003E4542 /* AlertViewData.swift in Sources */,
				4F92895626A6B06600624B6E /* Alerts.swift in Sources */,
				4F2DEDF0274515B900C5F156 /* FileManager+Extensions.swift in Sources */,
				4F4C9F612745890600D345DC /* EventPersistenceHelper.swift in Sources */,
				4F4FDFBC268D862000736440 /* AuthenticationViewModel.swift in Sources */,
				4FF9064726543BEF001387C9 /* SceneDelegate.swift in Sources */,
				4F695E902662B6C200606D03 /* LoginViewController.swift in Sources */,
				4F93710F2766752B007667F8 /* UIViewTemplates.swift in Sources */,
				4F05462F26B9810B006C5A04 /* UIButtonAnimationsExtension.swift in Sources */,
				4F28BA78274295EC001308E1 /* CreateEventController.swift in Sources */,
				4FCDEBA9272FEC51002C3B06 /* HomeViewModel.swift in Sources */,
				4F9371122766759B007667F8 /* NSConstraintsExtension.swift in Sources */,
				4FD4D58E26833C8D0078633E /* AppDataValidator.swift in Sources */,
				4FA5BB1826CEDB5F001C486D /* UserSettingsView.swift in Sources */,
				4FDB688E26E1455A0006F8E3 /* CustomUserDefaults.swift in Sources */,
				4F257CFF2739B423007CB391 /* UserCaretaker.swift in Sources */,
				4F28BA7C2742989E001308E1 /* CreateEventView.swift in Sources */,
				4FF15B43279B197E003E4542 /* AlertFactoryService.swift in Sources */,
				4F257CFD2739B1AE007CB391 /* DiskCaretaker.swift in Sources */,
				4FEF699D26BAC0190022CAFD /* SourceCodeWebUIViewController.swift in Sources */,
			);
			runOnlyForDeploymentPostprocessing = 0;
		};
/* End PBXSourcesBuildPhase section */

/* Begin XCBuildConfiguration section */
		4FF9065326543BF1001387C9 /* Debug */ = {
			isa = XCBuildConfiguration;
			buildSettings = {
				ALWAYS_SEARCH_USER_PATHS = NO;
				CLANG_ANALYZER_NONNULL = YES;
				CLANG_ANALYZER_NUMBER_OBJECT_CONVERSION = YES_AGGRESSIVE;
				CLANG_CXX_LANGUAGE_STANDARD = "gnu++14";
				CLANG_CXX_LIBRARY = "libc++";
				CLANG_ENABLE_MODULES = YES;
				CLANG_ENABLE_OBJC_ARC = YES;
				CLANG_ENABLE_OBJC_WEAK = YES;
				CLANG_WARN_BLOCK_CAPTURE_AUTORELEASING = YES;
				CLANG_WARN_BOOL_CONVERSION = YES;
				CLANG_WARN_COMMA = YES;
				CLANG_WARN_CONSTANT_CONVERSION = YES;
				CLANG_WARN_DEPRECATED_OBJC_IMPLEMENTATIONS = YES;
				CLANG_WARN_DIRECT_OBJC_ISA_USAGE = YES_ERROR;
				CLANG_WARN_DOCUMENTATION_COMMENTS = YES;
				CLANG_WARN_EMPTY_BODY = YES;
				CLANG_WARN_ENUM_CONVERSION = YES;
				CLANG_WARN_INFINITE_RECURSION = YES;
				CLANG_WARN_INT_CONVERSION = YES;
				CLANG_WARN_NON_LITERAL_NULL_CONVERSION = YES;
				CLANG_WARN_OBJC_IMPLICIT_RETAIN_SELF = YES;
				CLANG_WARN_OBJC_LITERAL_CONVERSION = YES;
				CLANG_WARN_OBJC_ROOT_CLASS = YES_ERROR;
				CLANG_WARN_QUOTED_INCLUDE_IN_FRAMEWORK_HEADER = YES;
				CLANG_WARN_RANGE_LOOP_ANALYSIS = YES;
				CLANG_WARN_STRICT_PROTOTYPES = YES;
				CLANG_WARN_SUSPICIOUS_MOVE = YES;
				CLANG_WARN_UNGUARDED_AVAILABILITY = YES_AGGRESSIVE;
				CLANG_WARN_UNREACHABLE_CODE = YES;
				CLANG_WARN__DUPLICATE_METHOD_MATCH = YES;
				COPY_PHASE_STRIP = NO;
				DEBUG_INFORMATION_FORMAT = dwarf;
				ENABLE_STRICT_OBJC_MSGSEND = YES;
				ENABLE_TESTABILITY = YES;
				GCC_C_LANGUAGE_STANDARD = gnu11;
				GCC_DYNAMIC_NO_PIC = NO;
				GCC_NO_COMMON_BLOCKS = YES;
				GCC_OPTIMIZATION_LEVEL = 0;
				GCC_PREPROCESSOR_DEFINITIONS = (
					"DEBUG=1",
					"$(inherited)",
				);
				GCC_WARN_64_TO_32_BIT_CONVERSION = YES;
				GCC_WARN_ABOUT_RETURN_TYPE = YES_ERROR;
				GCC_WARN_UNDECLARED_SELECTOR = YES;
				GCC_WARN_UNINITIALIZED_AUTOS = YES_AGGRESSIVE;
				GCC_WARN_UNUSED_FUNCTION = YES;
				GCC_WARN_UNUSED_VARIABLE = YES;
				IPHONEOS_DEPLOYMENT_TARGET = 14.5;
				MTL_ENABLE_DEBUG_INFO = INCLUDE_SOURCE;
				MTL_FAST_MATH = YES;
				ONLY_ACTIVE_ARCH = YES;
				SDKROOT = iphoneos;
				SWIFT_ACTIVE_COMPILATION_CONDITIONS = DEBUG;
				SWIFT_OPTIMIZATION_LEVEL = "-Onone";
			};
			name = Debug;
		};
		4FF9065426543BF1001387C9 /* Release */ = {
			isa = XCBuildConfiguration;
			buildSettings = {
				ALWAYS_SEARCH_USER_PATHS = NO;
				CLANG_ANALYZER_NONNULL = YES;
				CLANG_ANALYZER_NUMBER_OBJECT_CONVERSION = YES_AGGRESSIVE;
				CLANG_CXX_LANGUAGE_STANDARD = "gnu++14";
				CLANG_CXX_LIBRARY = "libc++";
				CLANG_ENABLE_MODULES = YES;
				CLANG_ENABLE_OBJC_ARC = YES;
				CLANG_ENABLE_OBJC_WEAK = YES;
				CLANG_WARN_BLOCK_CAPTURE_AUTORELEASING = YES;
				CLANG_WARN_BOOL_CONVERSION = YES;
				CLANG_WARN_COMMA = YES;
				CLANG_WARN_CONSTANT_CONVERSION = YES;
				CLANG_WARN_DEPRECATED_OBJC_IMPLEMENTATIONS = YES;
				CLANG_WARN_DIRECT_OBJC_ISA_USAGE = YES_ERROR;
				CLANG_WARN_DOCUMENTATION_COMMENTS = YES;
				CLANG_WARN_EMPTY_BODY = YES;
				CLANG_WARN_ENUM_CONVERSION = YES;
				CLANG_WARN_INFINITE_RECURSION = YES;
				CLANG_WARN_INT_CONVERSION = YES;
				CLANG_WARN_NON_LITERAL_NULL_CONVERSION = YES;
				CLANG_WARN_OBJC_IMPLICIT_RETAIN_SELF = YES;
				CLANG_WARN_OBJC_LITERAL_CONVERSION = YES;
				CLANG_WARN_OBJC_ROOT_CLASS = YES_ERROR;
				CLANG_WARN_QUOTED_INCLUDE_IN_FRAMEWORK_HEADER = YES;
				CLANG_WARN_RANGE_LOOP_ANALYSIS = YES;
				CLANG_WARN_STRICT_PROTOTYPES = YES;
				CLANG_WARN_SUSPICIOUS_MOVE = YES;
				CLANG_WARN_UNGUARDED_AVAILABILITY = YES_AGGRESSIVE;
				CLANG_WARN_UNREACHABLE_CODE = YES;
				CLANG_WARN__DUPLICATE_METHOD_MATCH = YES;
				COPY_PHASE_STRIP = NO;
				DEBUG_INFORMATION_FORMAT = "dwarf-with-dsym";
				ENABLE_NS_ASSERTIONS = NO;
				ENABLE_STRICT_OBJC_MSGSEND = YES;
				GCC_C_LANGUAGE_STANDARD = gnu11;
				GCC_NO_COMMON_BLOCKS = YES;
				GCC_WARN_64_TO_32_BIT_CONVERSION = YES;
				GCC_WARN_ABOUT_RETURN_TYPE = YES_ERROR;
				GCC_WARN_UNDECLARED_SELECTOR = YES;
				GCC_WARN_UNINITIALIZED_AUTOS = YES_AGGRESSIVE;
				GCC_WARN_UNUSED_FUNCTION = YES;
				GCC_WARN_UNUSED_VARIABLE = YES;
				IPHONEOS_DEPLOYMENT_TARGET = 14.5;
				MTL_ENABLE_DEBUG_INFO = NO;
				MTL_FAST_MATH = YES;
				SDKROOT = iphoneos;
				SWIFT_COMPILATION_MODE = wholemodule;
				SWIFT_OPTIMIZATION_LEVEL = "-O";
				VALIDATE_PRODUCT = YES;
			};
			name = Release;
		};
		4FF9065626543BF1001387C9 /* Debug */ = {
			isa = XCBuildConfiguration;
			baseConfigurationReference = 68F12D2ACF30F7D7A9A93834 /* Pods-FirstProject.debug.xcconfig */;
			buildSettings = {
				ASSETCATALOG_COMPILER_APPICON_NAME = AppIcon;
				ASSETCATALOG_COMPILER_GLOBAL_ACCENT_COLOR_NAME = AccentColor;
				CODE_SIGN_STYLE = Automatic;
				DEVELOPMENT_TEAM = 5YJ9NPM7MQ;
				INFOPLIST_FILE = FirstProject/Resources/Info.plist;
				IPHONEOS_DEPLOYMENT_TARGET = 15.0;
				LD_RUNPATH_SEARCH_PATHS = (
					"$(inherited)",
					"@executable_path/Frameworks",
				);
				PRODUCT_BUNDLE_IDENTIFIER = com.FirstScreen.FirstProject;
				PRODUCT_NAME = "$(TARGET_NAME)";
				SWIFT_VERSION = 5.0;
				TARGETED_DEVICE_FAMILY = 1;
			};
			name = Debug;
		};
		4FF9065726543BF1001387C9 /* Release */ = {
			isa = XCBuildConfiguration;
			baseConfigurationReference = 1913A254B428B7B74E687733 /* Pods-FirstProject.release.xcconfig */;
			buildSettings = {
				ASSETCATALOG_COMPILER_APPICON_NAME = AppIcon;
				ASSETCATALOG_COMPILER_GLOBAL_ACCENT_COLOR_NAME = AccentColor;
				CODE_SIGN_STYLE = Automatic;
				DEVELOPMENT_TEAM = 5YJ9NPM7MQ;
				INFOPLIST_FILE = FirstProject/Resources/Info.plist;
				IPHONEOS_DEPLOYMENT_TARGET = 15.0;
				LD_RUNPATH_SEARCH_PATHS = (
					"$(inherited)",
					"@executable_path/Frameworks",
				);
				PRODUCT_BUNDLE_IDENTIFIER = com.FirstScreen.FirstProject;
				PRODUCT_NAME = "$(TARGET_NAME)";
				SWIFT_VERSION = 5.0;
				TARGETED_DEVICE_FAMILY = 1;
			};
			name = Release;
		};
/* End XCBuildConfiguration section */

/* Begin XCConfigurationList section */
		4FF9063C26543BEF001387C9 /* Build configuration list for PBXProject "FirstProject" */ = {
			isa = XCConfigurationList;
			buildConfigurations = (
				4FF9065326543BF1001387C9 /* Debug */,
				4FF9065426543BF1001387C9 /* Release */,
			);
			defaultConfigurationIsVisible = 0;
			defaultConfigurationName = Release;
		};
		4FF9065526543BF1001387C9 /* Build configuration list for PBXNativeTarget "FirstProject" */ = {
			isa = XCConfigurationList;
			buildConfigurations = (
				4FF9065626543BF1001387C9 /* Debug */,
				4FF9065726543BF1001387C9 /* Release */,
			);
			defaultConfigurationIsVisible = 0;
			defaultConfigurationName = Release;
		};
/* End XCConfigurationList section */
	};
	rootObject = 4FF9063926543BEF001387C9 /* Project object */;
}
